
Microsoft Visual Studio Solution File, Format Version 11.00
# Visual Studio 2010
Project("{2150E333-8FDC-42A3-9474-1A3956D46DE8}") = "Solution Items", "Solution Items", "{2AF1DF11-A62D-40C3-8B11-FFCC93F923AE}"
	ProjectSection(SolutionItems) = preProject
		AmbitionLib.vsmdi = AmbitionLib.vsmdi
		Local.testsettings = Local.testsettings
		TraceAndTestImpact.testsettings = TraceAndTestImpact.testsettings
	EndProjectSection
EndProject
Project("{2150E333-8FDC-42A3-9474-1A3956D46DE8}") = "Test", "Test", "{08D4EE92-E130-45B5-9E79-EC0570EFD974}"
EndProject
Project("{2150E333-8FDC-42A3-9474-1A3956D46DE8}") = "Src", "Src", "{8F301CBA-CFB5-474A-9A54-C75C586FE937}"
EndProject
Project("{FAE04EC0-301F-11D3-BF4B-00C04F79EFBC}") = "AuthenticationTest", "Test\AuthenticationTest\AuthenticationTest.csproj", "{565251FA-EF7D-4584-9FF3-4E89CDC3D641}"
EndProject
Project("{FAE04EC0-301F-11D3-BF4B-00C04F79EFBC}") = "AuthorizationTest", "Test\AuthorizationTest\AuthorizationTest.csproj", "{9F165B56-1FC2-4591-B6D7-959FA81AFFFD}"
EndProject
Project("{FAE04EC0-301F-11D3-BF4B-00C04F79EFBC}") = "CollectionTest", "Test\CollectionTest\CollectionTest.csproj", "{319C4192-E11C-407A-A4D3-55612BCBFB94}"
EndProject
Project("{FAE04EC0-301F-11D3-BF4B-00C04F79EFBC}") = "CommonAlgorithmTest", "Test\CommonAlgorithmTest\CommonAlgorithmTest.csproj", "{B49E8A24-15A1-49BF-A43F-4F29FA6EF50B}"
EndProject
Project("{FAE04EC0-301F-11D3-BF4B-00C04F79EFBC}") = "DatabaseTest", "Test\DatabaseTest\DatabaseTest.csproj", "{8785F98E-98FD-41AA-9895-8B284D4D3B3B}"
EndProject
Project("{FAE04EC0-301F-11D3-BF4B-00C04F79EFBC}") = "IOTest", "Test\IOTest\IOTest.csproj", "{C45026FB-6E95-4829-8EBC-93943D26B973}"
EndProject
Project("{FAE04EC0-301F-11D3-BF4B-00C04F79EFBC}") = "OfficeTest", "Test\OfficeTest\OfficeTest.csproj", "{CD28F3C2-B66A-41E2-B9A7-915A14D0C38A}"
EndProject
Project("{FAE04EC0-301F-11D3-BF4B-00C04F79EFBC}") = "ScriptTest", "Test\ScriptTest\ScriptTest.csproj", "{57016C3D-ACF8-4D18-826E-5B31B89B7B0A}"
EndProject
Project("{FAE04EC0-301F-11D3-BF4B-00C04F79EFBC}") = "WebTest", "Test\WebTest\WebTest.csproj", "{00CF4015-B32A-42B7-A1B9-21013B615D90}"
EndProject
Project("{FAE04EC0-301F-11D3-BF4B-00C04F79EFBC}") = "Authentication", "Src\Authentication\Authentication.csproj", "{2CB6D9E2-0A32-424C-B964-A565D2283D41}"
EndProject
Project("{FAE04EC0-301F-11D3-BF4B-00C04F79EFBC}") = "Authorization", "Src\Authorization\Authorization.csproj", "{C2ED4EBA-25F7-4899-BB13-607C4851935D}"
EndProject
Project("{FAE04EC0-301F-11D3-BF4B-00C04F79EFBC}") = "Collection", "Src\Collection\Collection.csproj", "{3F6E1F2E-6025-4180-AB0F-C25A6396DE61}"
EndProject
Project("{FAE04EC0-301F-11D3-BF4B-00C04F79EFBC}") = "CommonAlgorithm", "Src\CommonAlgorithm\CommonAlgorithm.csproj", "{28E1BC48-2E57-4C41-8ECE-A59C24FF0C0B}"
EndProject
Project("{FAE04EC0-301F-11D3-BF4B-00C04F79EFBC}") = "Database", "Src\Database\Database.csproj", "{176EE510-36AA-4B91-B40A-0C9E590BBBDA}"
EndProject
Project("{FAE04EC0-301F-11D3-BF4B-00C04F79EFBC}") = "IO", "Src\IO\IO.csproj", "{34E64086-F172-4FF4-9BBB-7D2351D2293C}"
EndProject
Project("{FAE04EC0-301F-11D3-BF4B-00C04F79EFBC}") = "Office", "Src\Office\Office.csproj", "{56C8889D-D10A-4962-9383-FD59AC35D112}"
EndProject
Project("{FAE04EC0-301F-11D3-BF4B-00C04F79EFBC}") = "Script", "Src\Script\Script.csproj", "{EC1C6244-2267-4834-B12E-8B2461ED916F}"
EndProject
Project("{FAE04EC0-301F-11D3-BF4B-00C04F79EFBC}") = "Web", "Src\Web\Web.csproj", "{CF83EBDB-A482-4F22-A4E9-03628D6A829B}"
EndProject
Project("{2150E333-8FDC-42A3-9474-1A3956D46DE8}") = "Docs", "Docs", "{62782D1B-71EA-4BBD-9F54-DD3589F3C524}"
EndProject
Global
	GlobalSection(TestCaseManagementSettings) = postSolution
		CategoryFile = AmbitionLib.vsmdi
	EndGlobalSection
	GlobalSection(SolutionConfigurationPlatforms) = preSolution
		Debug|Any CPU = Debug|Any CPU
		Release|Any CPU = Release|Any CPU
	EndGlobalSection
	GlobalSection(ProjectConfigurationPlatforms) = postSolution
		{565251FA-EF7D-4584-9FF3-4E89CDC3D641}.Debug|Any CPU.ActiveCfg = Debug|Any CPU
		{565251FA-EF7D-4584-9FF3-4E89CDC3D641}.Debug|Any CPU.Build.0 = Debug|Any CPU
		{565251FA-EF7D-4584-9FF3-4E89CDC3D641}.Release|Any CPU.ActiveCfg = Release|Any CPU
		{565251FA-EF7D-4584-9FF3-4E89CDC3D641}.Release|Any CPU.Build.0 = Release|Any CPU
		{9F165B56-1FC2-4591-B6D7-959FA81AFFFD}.Debug|Any CPU.ActiveCfg = Debug|Any CPU
		{9F165B56-1FC2-4591-B6D7-959FA81AFFFD}.Debug|Any CPU.Build.0 = Debug|Any CPU
		{9F165B56-1FC2-4591-B6D7-959FA81AFFFD}.Release|Any CPU.ActiveCfg = Release|Any CPU
		{9F165B56-1FC2-4591-B6D7-959FA81AFFFD}.Release|Any CPU.Build.0 = Release|Any CPU
		{319C4192-E11C-407A-A4D3-55612BCBFB94}.Debug|Any CPU.ActiveCfg = Debug|Any CPU
		{319C4192-E11C-407A-A4D3-55612BCBFB94}.Debug|Any CPU.Build.0 = Debug|Any CPU
		{319C4192-E11C-407A-A4D3-55612BCBFB94}.Release|Any CPU.ActiveCfg = Release|Any CPU
		{319C4192-E11C-407A-A4D3-55612BCBFB94}.Release|Any CPU.Build.0 = Release|Any CPU
		{B49E8A24-15A1-49BF-A43F-4F29FA6EF50B}.Debug|Any CPU.ActiveCfg = Debug|Any CPU
		{B49E8A24-15A1-49BF-A43F-4F29FA6EF50B}.Debug|Any CPU.Build.0 = Debug|Any CPU
		{B49E8A24-15A1-49BF-A43F-4F29FA6EF50B}.Release|Any CPU.ActiveCfg = Release|Any CPU
		{B49E8A24-15A1-49BF-A43F-4F29FA6EF50B}.Release|Any CPU.Build.0 = Release|Any CPU
		{8785F98E-98FD-41AA-9895-8B284D4D3B3B}.Debug|Any CPU.ActiveCfg = Debug|Any CPU
		{8785F98E-98FD-41AA-9895-8B284D4D3B3B}.Debug|Any CPU.Build.0 = Debug|Any CPU
		{8785F98E-98FD-41AA-9895-8B284D4D3B3B}.Release|Any CPU.ActiveCfg = Release|Any CPU
		{8785F98E-98FD-41AA-9895-8B284D4D3B3B}.Release|Any CPU.Build.0 = Release|Any CPU
		{C45026FB-6E95-4829-8EBC-93943D26B973}.Debug|Any CPU.ActiveCfg = Debug|Any CPU
		{C45026FB-6E95-4829-8EBC-93943D26B973}.Debug|Any CPU.Build.0 = Debug|Any CPU
		{C45026FB-6E95-4829-8EBC-93943D26B973}.Release|Any CPU.ActiveCfg = Release|Any CPU
		{C45026FB-6E95-4829-8EBC-93943D26B973}.Release|Any CPU.Build.0 = Release|Any CPU
		{CD28F3C2-B66A-41E2-B9A7-915A14D0C38A}.Debug|Any CPU.ActiveCfg = Debug|Any CPU
		{CD28F3C2-B66A-41E2-B9A7-915A14D0C38A}.Debug|Any CPU.Build.0 = Debug|Any CPU
		{CD28F3C2-B66A-41E2-B9A7-915A14D0C38A}.Release|Any CPU.ActiveCfg = Release|Any CPU
		{CD28F3C2-B66A-41E2-B9A7-915A14D0C38A}.Release|Any CPU.Build.0 = Release|Any CPU
		{57016C3D-ACF8-4D18-826E-5B31B89B7B0A}.Debug|Any CPU.ActiveCfg = Debug|Any CPU
		{57016C3D-ACF8-4D18-826E-5B31B89B7B0A}.Debug|Any CPU.Build.0 = Debug|Any CPU
		{57016C3D-ACF8-4D18-826E-5B31B89B7B0A}.Release|Any CPU.ActiveCfg = Release|Any CPU
		{57016C3D-ACF8-4D18-826E-5B31B89B7B0A}.Release|Any CPU.Build.0 = Release|Any CPU
		{00CF4015-B32A-42B7-A1B9-21013B615D90}.Debug|Any CPU.ActiveCfg = Debug|Any CPU
		{00CF4015-B32A-42B7-A1B9-21013B615D90}.Debug|Any CPU.Build.0 = Debug|Any CPU
		{00CF4015-B32A-42B7-A1B9-21013B615D90}.Release|Any CPU.ActiveCfg = Release|Any CPU
		{00CF4015-B32A-42B7-A1B9-21013B615D90}.Release|Any CPU.Build.0 = Release|Any CPU
		{2CB6D9E2-0A32-424C-B964-A565D2283D41}.Debug|Any CPU.ActiveCfg = Debug|Any CPU
		{2CB6D9E2-0A32-424C-B964-A565D2283D41}.Debug|Any CPU.Build.0 = Debug|Any CPU
		{2CB6D9E2-0A32-424C-B964-A565D2283D41}.Release|Any CPU.ActiveCfg = Release|Any CPU
		{2CB6D9E2-0A32-424C-B964-A565D2283D41}.Release|Any CPU.Build.0 = Release|Any CPU
		{C2ED4EBA-25F7-4899-BB13-607C4851935D}.Debug|Any CPU.ActiveCfg = Debug|Any CPU
		{C2ED4EBA-25F7-4899-BB13-607C4851935D}.Debug|Any CPU.Build.0 = Debug|Any CPU
		{C2ED4EBA-25F7-4899-BB13-607C4851935D}.Release|Any CPU.ActiveCfg = Release|Any CPU
		{C2ED4EBA-25F7-4899-BB13-607C4851935D}.Release|Any CPU.Build.0 = Release|Any CPU
		{3F6E1F2E-6025-4180-AB0F-C25A6396DE61}.Debug|Any CPU.ActiveCfg = Debug|Any CPU
		{3F6E1F2E-6025-4180-AB0F-C25A6396DE61}.Debug|Any CPU.Build.0 = Debug|Any CPU
		{3F6E1F2E-6025-4180-AB0F-C25A6396DE61}.Release|Any CPU.ActiveCfg = Release|Any CPU
		{3F6E1F2E-6025-4180-AB0F-C25A6396DE61}.Release|Any CPU.Build.0 = Release|Any CPU
		{28E1BC48-2E57-4C41-8ECE-A59C24FF0C0B}.Debug|Any CPU.ActiveCfg = Debug|Any CPU
		{28E1BC48-2E57-4C41-8ECE-A59C24FF0C0B}.Debug|Any CPU.Build.0 = Debug|Any CPU
		{28E1BC48-2E57-4C41-8ECE-A59C24FF0C0B}.Release|Any CPU.ActiveCfg = Release|Any CPU
		{28E1BC48-2E57-4C41-8ECE-A59C24FF0C0B}.Release|Any CPU.Build.0 = Release|Any CPU
		{176EE510-36AA-4B91-B40A-0C9E590BBBDA}.Debug|Any CPU.ActiveCfg = Debug|Any CPU
		{176EE510-36AA-4B91-B40A-0C9E590BBBDA}.Debug|Any CPU.Build.0 = Debug|Any CPU
		{176EE510-36AA-4B91-B40A-0C9E590BBBDA}.Release|Any CPU.ActiveCfg = Release|Any CPU
		{176EE510-36AA-4B91-B40A-0C9E590BBBDA}.Release|Any CPU.Build.0 = Release|Any CPU
		{34E64086-F172-4FF4-9BBB-7D2351D2293C}.Debug|Any CPU.ActiveCfg = Debug|Any CPU
		{34E64086-F172-4FF4-9BBB-7D2351D2293C}.Debug|Any CPU.Build.0 = Debug|Any CPU
		{34E64086-F172-4FF4-9BBB-7D2351D2293C}.Release|Any CPU.ActiveCfg = Release|Any CPU
		{34E64086-F172-4FF4-9BBB-7D2351D2293C}.Release|Any CPU.Build.0 = Release|Any CPU
		{56C8889D-D10A-4962-9383-FD59AC35D112}.Debug|Any CPU.ActiveCfg = Debug|Any CPU
		{56C8889D-D10A-4962-9383-FD59AC35D112}.Debug|Any CPU.Build.0 = Debug|Any CPU
		{56C8889D-D10A-4962-9383-FD59AC35D112}.Release|Any CPU.ActiveCfg = Release|Any CPU
		{56C8889D-D10A-4962-9383-FD59AC35D112}.Release|Any CPU.Build.0 = Release|Any CPU
		{EC1C6244-2267-4834-B12E-8B2461ED916F}.Debug|Any CPU.ActiveCfg = Debug|Any CPU
		{EC1C6244-2267-4834-B12E-8B2461ED916F}.Debug|Any CPU.Build.0 = Debug|Any CPU
		{EC1C6244-2267-4834-B12E-8B2461ED916F}.Release|Any CPU.ActiveCfg = Release|Any CPU
		{EC1C6244-2267-4834-B12E-8B2461ED916F}.Release|Any CPU.Build.0 = Release|Any CPU
		{CF83EBDB-A482-4F22-A4E9-03628D6A829B}.Debug|Any CPU.ActiveCfg = Debug|Any CPU
		{CF83EBDB-A482-4F22-A4E9-03628D6A829B}.Debug|Any CPU.Build.0 = Debug|Any CPU
		{CF83EBDB-A482-4F22-A4E9-03628D6A829B}.Release|Any CPU.ActiveCfg = Release|Any CPU
		{CF83EBDB-A482-4F22-A4E9-03628D6A829B}.Release|Any CPU.Build.0 = Release|Any CPU
	EndGlobalSection
	GlobalSection(SolutionProperties) = preSolution
		HideSolutionNode = FALSE
	EndGlobalSection
	GlobalSection(NestedProjects) = preSolution
		{565251FA-EF7D-4584-9FF3-4E89CDC3D641} = {08D4EE92-E130-45B5-9E79-EC0570EFD974}
		{9F165B56-1FC2-4591-B6D7-959FA81AFFFD} = {08D4EE92-E130-45B5-9E79-EC0570EFD974}
		{319C4192-E11C-407A-A4D3-55612BCBFB94} = {08D4EE92-E130-45B5-9E79-EC0570EFD974}
		{B49E8A24-15A1-49BF-A43F-4F29FA6EF50B} = {08D4EE92-E130-45B5-9E79-EC0570EFD974}
		{8785F98E-98FD-41AA-9895-8B284D4D3B3B} = {08D4EE92-E130-45B5-9E79-EC0570EFD974}
		{C45026FB-6E95-4829-8EBC-93943D26B973} = {08D4EE92-E130-45B5-9E79-EC0570EFD974}
		{CD28F3C2-B66A-41E2-B9A7-915A14D0C38A} = {08D4EE92-E130-45B5-9E79-EC0570EFD974}
		{57016C3D-ACF8-4D18-826E-5B31B89B7B0A} = {08D4EE92-E130-45B5-9E79-EC0570EFD974}
		{00CF4015-B32A-42B7-A1B9-21013B615D90} = {08D4EE92-E130-45B5-9E79-EC0570EFD974}
		{2CB6D9E2-0A32-424C-B964-A565D2283D41} = {8F301CBA-CFB5-474A-9A54-C75C586FE937}
		{C2ED4EBA-25F7-4899-BB13-607C4851935D} = {8F301CBA-CFB5-474A-9A54-C75C586FE937}
		{3F6E1F2E-6025-4180-AB0F-C25A6396DE61} = {8F301CBA-CFB5-474A-9A54-C75C586FE937}
		{28E1BC48-2E57-4C41-8ECE-A59C24FF0C0B} = {8F301CBA-CFB5-474A-9A54-C75C586FE937}
		{176EE510-36AA-4B91-B40A-0C9E590BBBDA} = {8F301CBA-CFB5-474A-9A54-C75C586FE937}
		{34E64086-F172-4FF4-9BBB-7D2351D2293C} = {8F301CBA-CFB5-474A-9A54-C75C586FE937}
		{56C8889D-D10A-4962-9383-FD59AC35D112} = {8F301CBA-CFB5-474A-9A54-C75C586FE937}
		{EC1C6244-2267-4834-B12E-8B2461ED916F} = {8F301CBA-CFB5-474A-9A54-C75C586FE937}
		{CF83EBDB-A482-4F22-A4E9-03628D6A829B} = {8F301CBA-CFB5-474A-9A54-C75C586FE937}
	EndGlobalSection
EndGlobal
